// !$*UTF8*$!
{
	archiveVersion = 1;
	classes = {
	};
	objectVersion = 56;
	objects = {

/* Begin PBXBuildFile section */
		CC43A0F32BC71BEB0059F629 /* AppDelegate.swift in Sources */ = {isa = PBXBuildFile; fileRef = CC43A0F22BC71BEB0059F629 /* AppDelegate.swift */; };
		CC43A0F52BC71BEB0059F629 /* SceneDelegate.swift in Sources */ = {isa = PBXBuildFile; fileRef = CC43A0F42BC71BEB0059F629 /* SceneDelegate.swift */; };
		CC43A0F72BC71BEB0059F629 /* MainVC.swift in Sources */ = {isa = PBXBuildFile; fileRef = CC43A0F62BC71BEB0059F629 /* MainVC.swift */; };
		CC43A0FC2BC71BEC0059F629 /* Assets.xcassets in Resources */ = {isa = PBXBuildFile; fileRef = CC43A0FB2BC71BEC0059F629 /* Assets.xcassets */; };
		CC43A0FF2BC71BEC0059F629 /* Base in Resources */ = {isa = PBXBuildFile; fileRef = CC43A0FE2BC71BEC0059F629 /* Base */; };
		CC43A10A2BC71BEC0059F629 /* homework15Tests.swift in Sources */ = {isa = PBXBuildFile; fileRef = CC43A1092BC71BEC0059F629 /* homework15Tests.swift */; };
		CC43A1142BC71BEC0059F629 /* homework15UITests.swift in Sources */ = {isa = PBXBuildFile; fileRef = CC43A1132BC71BEC0059F629 /* homework15UITests.swift */; };
		CC43A1162BC71BEC0059F629 /* homework15UITestsLaunchTests.swift in Sources */ = {isa = PBXBuildFile; fileRef = CC43A1152BC71BEC0059F629 /* homework15UITestsLaunchTests.swift */; };
		CC43A1242BC7C0210059F629 /* SecondVC.swift in Sources */ = {isa = PBXBuildFile; fileRef = CC43A1232BC7C0210059F629 /* SecondVC.swift */; };
/* End PBXBuildFile section */

/* Begin PBXContainerItemProxy section */
		CC43A1062BC71BEC0059F629 /* PBXContainerItemProxy */ = {
			isa = PBXContainerItemProxy;
			containerPortal = CC43A0E72BC71BEB0059F629 /* Project object */;
			proxyType = 1;
			remoteGlobalIDString = CC43A0EE2BC71BEB0059F629;
			remoteInfo = homework15;
		};
		CC43A1102BC71BEC0059F629 /* PBXContainerItemProxy */ = {
			isa = PBXContainerItemProxy;
			containerPortal = CC43A0E72BC71BEB0059F629 /* Project object */;
			proxyType = 1;
			remoteGlobalIDString = CC43A0EE2BC71BEB0059F629;
			remoteInfo = homework15;
		};
/* End PBXContainerItemProxy section */

/* Begin PBXFileReference section */
		CC43A0EF2BC71BEB0059F629 /* homework15.app */ = {isa = PBXFileReference; explicitFileType = wrapper.application; includeInIndex = 0; path = homework15.app; sourceTree = BUILT_PRODUCTS_DIR; };
		CC43A0F22BC71BEB0059F629 /* AppDelegate.swift */ = {isa = PBXFileReference; lastKnownFileType = sourcecode.swift; path = AppDelegate.swift; sourceTree = "<group>"; };
		CC43A0F42BC71BEB0059F629 /* SceneDelegate.swift */ = {isa = PBXFileReference; lastKnownFileType = sourcecode.swift; path = SceneDelegate.swift; sourceTree = "<group>"; };
		CC43A0F62BC71BEB0059F629 /* MainVC.swift */ = {isa = PBXFileReference; lastKnownFileType = sourcecode.swift; path = MainVC.swift; sourceTree = "<group>"; };
		CC43A0FB2BC71BEC0059F629 /* Assets.xcassets */ = {isa = PBXFileReference; lastKnownFileType = folder.assetcatalog; path = Assets.xcassets; sourceTree = "<group>"; };
		CC43A0FE2BC71BEC0059F629 /* Base */ = {isa = PBXFileReference; lastKnownFileType = file.storyboard; name = Base; path = Base.lproj/LaunchScreen.storyboard; sourceTree = "<group>"; };
		CC43A1002BC71BEC0059F629 /* Info.plist */ = {isa = PBXFileReference; lastKnownFileType = text.plist.xml; path = Info.plist; sourceTree = "<group>"; };
		CC43A1052BC71BEC0059F629 /* homework15Tests.xctest */ = {isa = PBXFileReference; explicitFileType = wrapper.cfbundle; includeInIndex = 0; path = homework15Tests.xctest; sourceTree = BUILT_PRODUCTS_DIR; };
		CC43A1092BC71BEC0059F629 /* homework15Tests.swift */ = {isa = PBXFileReference; lastKnownFileType = sourcecode.swift; path = homework15Tests.swift; sourceTree = "<group>"; };
		CC43A10F2BC71BEC0059F629 /* homework15UITests.xctest */ = {isa = PBXFileReference; explicitFileType = wrapper.cfbundle; includeInIndex = 0; path = homework15UITests.xctest; sourceTree = BUILT_PRODUCTS_DIR; };
		CC43A1132BC71BEC0059F629 /* homework15UITests.swift */ = {isa = PBXFileReference; lastKnownFileType = sourcecode.swift; path = homework15UITests.swift; sourceTree = "<group>"; };
		CC43A1152BC71BEC0059F629 /* homework15UITestsLaunchTests.swift */ = {isa = PBXFileReference; lastKnownFileType = sourcecode.swift; path = homework15UITestsLaunchTests.swift; sourceTree = "<group>"; };
		CC43A1232BC7C0210059F629 /* SecondVC.swift */ = {isa = PBXFileReference; lastKnownFileType = sourcecode.swift; path = SecondVC.swift; sourceTree = "<group>"; };
/* End PBXFileReference section */

/* Begin PBXFrameworksBuildPhase section */
		CC43A0EC2BC71BEB0059F629 /* Frameworks */ = {
			isa = PBXFrameworksBuildPhase;
			buildActionMask = 2147483647;
			files = (
			);
			runOnlyForDeploymentPostprocessing = 0;
		};
		CC43A1022BC71BEC0059F629 /* Frameworks */ = {
			isa = PBXFrameworksBuildPhase;
			buildActionMask = 2147483647;
			files = (
			);
			runOnlyForDeploymentPostprocessing = 0;
		};
		CC43A10C2BC71BEC0059F629 /* Frameworks */ = {
			isa = PBXFrameworksBuildPhase;
			buildActionMask = 2147483647;
			files = (
			);
			runOnlyForDeploymentPostprocessing = 0;
		};
/* End PBXFrameworksBuildPhase section */

/* Begin PBXGroup section */
		CC43A0E62BC71BEB0059F629 = {
			isa = PBXGroup;
			children = (
				CC43A0F12BC71BEB0059F629 /* homework15 */,
				CC43A1082BC71BEC0059F629 /* homework15Tests */,
				CC43A1122BC71BEC0059F629 /* homework15UITests */,
				CC43A0F02BC71BEB0059F629 /* Products */,
			);
			sourceTree = "<group>";
		};
		CC43A0F02BC71BEB0059F629 /* Products */ = {
			isa = PBXGroup;
			children = (
				CC43A0EF2BC71BEB0059F629 /* homework15.app */,
				CC43A1052BC71BEC0059F629 /* homework15Tests.xctest */,
				CC43A10F2BC71BEC0059F629 /* homework15UITests.xctest */,
			);
			name = Products;
			sourceTree = "<group>";
		};
		CC43A0F12BC71BEB0059F629 /* homework15 */ = {
			isa = PBXGroup;
			children = (
				CC43A0F22BC71BEB0059F629 /* AppDelegate.swift */,
				CC43A0F42BC71BEB0059F629 /* SceneDelegate.swift */,
				CC43A1222BC7BFC10059F629 /* VC */,
				CC43A0FB2BC71BEC0059F629 /* Assets.xcassets */,
				CC43A0FD2BC71BEC0059F629 /* LaunchScreen.storyboard */,
				CC43A1002BC71BEC0059F629 /* Info.plist */,
			);
			path = homework15;
			sourceTree = "<group>";
		};
		CC43A1082BC71BEC0059F629 /* homework15Tests */ = {
			isa = PBXGroup;
			children = (
				CC43A1092BC71BEC0059F629 /* homework15Tests.swift */,
			);
			path = homework15Tests;
			sourceTree = "<group>";
		};
		CC43A1122BC71BEC0059F629 /* homework15UITests */ = {
			isa = PBXGroup;
			children = (
				CC43A1132BC71BEC0059F629 /* homework15UITests.swift */,
				CC43A1152BC71BEC0059F629 /* homework15UITestsLaunchTests.swift */,
			);
			path = homework15UITests;
			sourceTree = "<group>";
		};
		CC43A1222BC7BFC10059F629 /* VC */ = {
			isa = PBXGroup;
			children = (
				CC43A0F62BC71BEB0059F629 /* MainVC.swift */,
				CC43A1232BC7C0210059F629 /* SecondVC.swift */,
			);
			path = VC;
			sourceTree = "<group>";
		};
/* End PBXGroup section */

/* Begin PBXNativeTarget section */
		CC43A0EE2BC71BEB0059F629 /* homework15 */ = {
			isa = PBXNativeTarget;
			buildConfigurationList = CC43A1192BC71BEC0059F629 /* Build configuration list for PBXNativeTarget "homework15" */;
			buildPhases = (
				CC43A0EB2BC71BEB0059F629 /* Sources */,
				CC43A0EC2BC71BEB0059F629 /* Frameworks */,
				CC43A0ED2BC71BEB0059F629 /* Resources */,
			);
			buildRules = (
			);
			dependencies = (
			);
			name = homework15;
			productName = homework15;
			productReference = CC43A0EF2BC71BEB0059F629 /* homework15.app */;
			productType = "com.apple.product-type.application";
		};
		CC43A1042BC71BEC0059F629 /* homework15Tests */ = {
			isa = PBXNativeTarget;
			buildConfigurationList = CC43A11C2BC71BEC0059F629 /* Build configuration list for PBXNativeTarget "homework15Tests" */;
			buildPhases = (
				CC43A1012BC71BEC0059F629 /* Sources */,
				CC43A1022BC71BEC0059F629 /* Frameworks */,
				CC43A1032BC71BEC0059F629 /* Resources */,
			);
			buildRules = (
			);
			dependencies = (
				CC43A1072BC71BEC0059F629 /* PBXTargetDependency */,
			);
			name = homework15Tests;
			productName = homework15Tests;
			productReference = CC43A1052BC71BEC0059F629 /* homework15Tests.xctest */;
			productType = "com.apple.product-type.bundle.unit-test";
		};
		CC43A10E2BC71BEC0059F629 /* homework15UITests */ = {
			isa = PBXNativeTarget;
			buildConfigurationList = CC43A11F2BC71BEC0059F629 /* Build configuration list for PBXNativeTarget "homework15UITests" */;
			buildPhases = (
				CC43A10B2BC71BEC0059F629 /* Sources */,
				CC43A10C2BC71BEC0059F629 /* Frameworks */,
				CC43A10D2BC71BEC0059F629 /* Resources */,
			);
			buildRules = (
			);
			dependencies = (
				CC43A1112BC71BEC0059F629 /* PBXTargetDependency */,
			);
			name = homework15UITests;
			productName = homework15UITests;
			productReference = CC43A10F2BC71BEC0059F629 /* homework15UITests.xctest */;
			productType = "com.apple.product-type.bundle.ui-testing";
		};
/* End PBXNativeTarget section */

/* Begin PBXProject section */
		CC43A0E72BC71BEB0059F629 /* Project object */ = {
			isa = PBXProject;
			attributes = {
				BuildIndependentTargetsInParallel = 1;
				LastSwiftUpdateCheck = 1530;
				LastUpgradeCheck = 1530;
				TargetAttributes = {
					CC43A0EE2BC71BEB0059F629 = {
						CreatedOnToolsVersion = 15.3;
					};
					CC43A1042BC71BEC0059F629 = {
						CreatedOnToolsVersion = 15.3;
						TestTargetID = CC43A0EE2BC71BEB0059F629;
					};
					CC43A10E2BC71BEC0059F629 = {
						CreatedOnToolsVersion = 15.3;
						TestTargetID = CC43A0EE2BC71BEB0059F629;
					};
				};
			};
			buildConfigurationList = CC43A0EA2BC71BEB0059F629 /* Build configuration list for PBXProject "homework15" */;
			compatibilityVersion = "Xcode 14.0";
			developmentRegion = en;
			hasScannedForEncodings = 0;
			knownRegions = (
				en,
				Base,
			);
			mainGroup = CC43A0E62BC71BEB0059F629;
			productRefGroup = CC43A0F02BC71BEB0059F629 /* Products */;
			projectDirPath = "";
			projectRoot = "";
			targets = (
				CC43A0EE2BC71BEB0059F629 /* homework15 */,
				CC43A1042BC71BEC0059F629 /* homework15Tests */,
				CC43A10E2BC71BEC0059F629 /* homework15UITests */,
			);
		};
/* End PBXProject section */

/* Begin PBXResourcesBuildPhase section */
		CC43A0ED2BC71BEB0059F629 /* Resources */ = {
			isa = PBXResourcesBuildPhase;
			buildActionMask = 2147483647;
			files = (
				CC43A0FC2BC71BEC0059F629 /* Assets.xcassets in Resources */,
				CC43A0FF2BC71BEC0059F629 /* Base in Resources */,
			);
			runOnlyForDeploymentPostprocessing = 0;
		};
		CC43A1032BC71BEC0059F629 /* Resources */ = {
			isa = PBXResourcesBuildPhase;
			buildActionMask = 2147483647;
			files = (
			);
			runOnlyForDeploymentPostprocessing = 0;
		};
		CC43A10D2BC71BEC0059F629 /* Resources */ = {
			isa = PBXResourcesBuildPhase;
			buildActionMask = 2147483647;
			files = (
			);
			runOnlyForDeploymentPostprocessing = 0;
		};
/* End PBXResourcesBuildPhase section */

/* Begin PBXSourcesBuildPhase section */
		CC43A0EB2BC71BEB0059F629 /* Sources */ = {
			isa = PBXSourcesBuildPhase;
			buildActionMask = 2147483647;
			files = (
				CC43A0F72BC71BEB0059F629 /* MainVC.swift in Sources */,
				CC43A0F32BC71BEB0059F629 /* AppDelegate.swift in Sources */,
				CC43A1242BC7C0210059F629 /* SecondVC.swift in Sources */,
				CC43A0F52BC71BEB0059F629 /* SceneDelegate.swift in Sources */,
			);
			runOnlyForDeploymentPostprocessing = 0;
		};
		CC43A1012BC71BEC0059F629 /* Sources */ = {
			isa = PBXSourcesBuildPhase;
			buildActionMask = 2147483647;
			files = (
				CC43A10A2BC71BEC0059F629 /* homework15Tests.swift in Sources */,
			);
			runOnlyForDeploymentPostprocessing = 0;
		};
		CC43A10B2BC71BEC0059F629 /* Sources */ = {
			isa = PBXSourcesBuildPhase;
			buildActionMask = 2147483647;
			files = (
				CC43A1162BC71BEC0059F629 /* homework15UITestsLaunchTests.swift in Sources */,
				CC43A1142BC71BEC0059F629 /* homework15UITests.swift in Sources */,
			);
			runOnlyForDeploymentPostprocessing = 0;
		};
/* End PBXSourcesBuildPhase section */

/* Begin PBXTargetDependency section */
		CC43A1072BC71BEC0059F629 /* PBXTargetDependency */ = {
			isa = PBXTargetDependency;
			target = CC43A0EE2BC71BEB0059F629 /* homework15 */;
			targetProxy = CC43A1062BC71BEC0059F629 /* PBXContainerItemProxy */;
		};
		CC43A1112BC71BEC0059F629 /* PBXTargetDependency */ = {
			isa = PBXTargetDependency;
			target = CC43A0EE2BC71BEB0059F629 /* homework15 */;
			targetProxy = CC43A1102BC71BEC0059F629 /* PBXContainerItemProxy */;
		};
/* End PBXTargetDependency section */

/* Begin PBXVariantGroup section */
		CC43A0FD2BC71BEC0059F629 /* LaunchScreen.storyboard */ = {
			isa = PBXVariantGroup;
			children = (
				CC43A0FE2BC71BEC0059F629 /* Base */,
			);
			name = LaunchScreen.storyboard;
			sourceTree = "<group>";
		};
/* End PBXVariantGroup section */

/* Begin XCBuildConfiguration section */
		CC43A1172BC71BEC0059F629 /* Debug */ = {
			isa = XCBuildConfiguration;
			buildSettings = {
				ALWAYS_SEARCH_USER_PATHS = NO;
				ASSETCATALOG_COMPILER_GENERATE_SWIFT_ASSET_SYMBOL_EXTENSIONS = YES;
				CLANG_ANALYZER_NONNULL = YES;
				CLANG_ANALYZER_NUMBER_OBJECT_CONVERSION = YES_AGGRESSIVE;
				CLANG_CXX_LANGUAGE_STANDARD = "gnu++20";
				CLANG_ENABLE_MODULES = YES;
				CLANG_ENABLE_OBJC_ARC = YES;
				CLANG_ENABLE_OBJC_WEAK = YES;
				CLANG_WARN_BLOCK_CAPTURE_AUTORELEASING = YES;
				CLANG_WARN_BOOL_CONVERSION = YES;
				CLANG_WARN_COMMA = YES;
				CLANG_WARN_CONSTANT_CONVERSION = YES;
				CLANG_WARN_DEPRECATED_OBJC_IMPLEMENTATIONS = YES;
				CLANG_WARN_DIRECT_OBJC_ISA_USAGE = YES_ERROR;
				CLANG_WARN_DOCUMENTATION_COMMENTS = YES;
				CLANG_WARN_EMPTY_BODY = YES;
				CLANG_WARN_ENUM_CONVERSION = YES;
				CLANG_WARN_INFINITE_RECURSION = YES;
				CLANG_WARN_INT_CONVERSION = YES;
				CLANG_WARN_NON_LITERAL_NULL_CONVERSION = YES;
				CLANG_WARN_OBJC_IMPLICIT_RETAIN_SELF = YES;
				CLANG_WARN_OBJC_LITERAL_CONVERSION = YES;
				CLANG_WARN_OBJC_ROOT_CLASS = YES_ERROR;
				CLANG_WARN_QUOTED_INCLUDE_IN_FRAMEWORK_HEADER = YES;
				CLANG_WARN_RANGE_LOOP_ANALYSIS = YES;
				CLANG_WARN_STRICT_PROTOTYPES = YES;
				CLANG_WARN_SUSPICIOUS_MOVE = YES;
				CLANG_WARN_UNGUARDED_AVAILABILITY = YES_AGGRESSIVE;
				CLANG_WARN_UNREACHABLE_CODE = YES;
				CLANG_WARN__DUPLICATE_METHOD_MATCH = YES;
				COPY_PHASE_STRIP = NO;
				DEBUG_INFORMATION_FORMAT = dwarf;
				ENABLE_STRICT_OBJC_MSGSEND = YES;
				ENABLE_TESTABILITY = YES;
				ENABLE_USER_SCRIPT_SANDBOXING = YES;
				GCC_C_LANGUAGE_STANDARD = gnu17;
				GCC_DYNAMIC_NO_PIC = NO;
				GCC_NO_COMMON_BLOCKS = YES;
				GCC_OPTIMIZATION_LEVEL = 0;
				GCC_PREPROCESSOR_DEFINITIONS = (
					"DEBUG=1",
					"$(inherited)",
				);
				GCC_WARN_64_TO_32_BIT_CONVERSION = YES;
				GCC_WARN_ABOUT_RETURN_TYPE = YES_ERROR;
				GCC_WARN_UNDECLARED_SELECTOR = YES;
				GCC_WARN_UNINITIALIZED_AUTOS = YES_AGGRESSIVE;
				GCC_WARN_UNUSED_FUNCTION = YES;
				GCC_WARN_UNUSED_VARIABLE = YES;
				IPHONEOS_DEPLOYMENT_TARGET = 17.4;
				LOCALIZATION_PREFERS_STRING_CATALOGS = YES;
				MTL_ENABLE_DEBUG_INFO = INCLUDE_SOURCE;
				MTL_FAST_MATH = YES;
				ONLY_ACTIVE_ARCH = YES;
				SDKROOT = iphoneos;
				SWIFT_ACTIVE_COMPILATION_CONDITIONS = "DEBUG $(inherited)";
				SWIFT_OPTIMIZATION_LEVEL = "-Onone";
			};
			name = Debug;
		};
		CC43A1182BC71BEC0059F629 /* Release */ = {
			isa = XCBuildConfiguration;
			buildSettings = {
				ALWAYS_SEARCH_USER_PATHS = NO;
				ASSETCATALOG_COMPILER_GENERATE_SWIFT_ASSET_SYMBOL_EXTENSIONS = YES;
				CLANG_ANALYZER_NONNULL = YES;
				CLANG_ANALYZER_NUMBER_OBJECT_CONVERSION = YES_AGGRESSIVE;
				CLANG_CXX_LANGUAGE_STANDARD = "gnu++20";
				CLANG_ENABLE_MODULES = YES;
				CLANG_ENABLE_OBJC_ARC = YES;
				CLANG_ENABLE_OBJC_WEAK = YES;
				CLANG_WARN_BLOCK_CAPTURE_AUTORELEASING = YES;
				CLANG_WARN_BOOL_CONVERSION = YES;
				CLANG_WARN_COMMA = YES;
				CLANG_WARN_CONSTANT_CONVERSION = YES;
				CLANG_WARN_DEPRECATED_OBJC_IMPLEMENTATIONS = YES;
				CLANG_WARN_DIRECT_OBJC_ISA_USAGE = YES_ERROR;
				CLANG_WARN_DOCUMENTATION_COMMENTS = YES;
				CLANG_WARN_EMPTY_BODY = YES;
				CLANG_WARN_ENUM_CONVERSION = YES;
				CLANG_WARN_INFINITE_RECURSION = YES;
				CLANG_WARN_INT_CONVERSION = YES;
				CLANG_WARN_NON_LITERAL_NULL_CONVERSION = YES;
				CLANG_WARN_OBJC_IMPLICIT_RETAIN_SELF = YES;
				CLANG_WARN_OBJC_LITERAL_CONVERSION = YES;
				CLANG_WARN_OBJC_ROOT_CLASS = YES_ERROR;
				CLANG_WARN_QUOTED_INCLUDE_IN_FRAMEWORK_HEADER = YES;
				CLANG_WARN_RANGE_LOOP_ANALYSIS = YES;
				CLANG_WARN_STRICT_PROTOTYPES = YES;
				CLANG_WARN_SUSPICIOUS_MOVE = YES;
				CLANG_WARN_UNGUARDED_AVAILABILITY = YES_AGGRESSIVE;
				CLANG_WARN_UNREACHABLE_CODE = YES;
				CLANG_WARN__DUPLICATE_METHOD_MATCH = YES;
				COPY_PHASE_STRIP = NO;
				DEBUG_INFORMATION_FORMAT = "dwarf-with-dsym";
				ENABLE_NS_ASSERTIONS = NO;
				ENABLE_STRICT_OBJC_MSGSEND = YES;
				ENABLE_USER_SCRIPT_SANDBOXING = YES;
				GCC_C_LANGUAGE_STANDARD = gnu17;
				GCC_NO_COMMON_BLOCKS = YES;
				GCC_WARN_64_TO_32_BIT_CONVERSION = YES;
				GCC_WARN_ABOUT_RETURN_TYPE = YES_ERROR;
				GCC_WARN_UNDECLARED_SELECTOR = YES;
				GCC_WARN_UNINITIALIZED_AUTOS = YES_AGGRESSIVE;
				GCC_WARN_UNUSED_FUNCTION = YES;
				GCC_WARN_UNUSED_VARIABLE = YES;
				IPHONEOS_DEPLOYMENT_TARGET = 17.4;
				LOCALIZATION_PREFERS_STRING_CATALOGS = YES;
				MTL_ENABLE_DEBUG_INFO = NO;
				MTL_FAST_MATH = YES;
				SDKROOT = iphoneos;
				SWIFT_COMPILATION_MODE = wholemodule;
				VALIDATE_PRODUCT = YES;
			};
			name = Release;
		};
		CC43A11A2BC71BEC0059F629 /* Debug */ = {
			isa = XCBuildConfiguration;
			buildSettings = {
				ASSETCATALOG_COMPILER_APPICON_NAME = AppIcon;
				ASSETCATALOG_COMPILER_GLOBAL_ACCENT_COLOR_NAME = AccentColor;
				CODE_SIGN_STYLE = Automatic;
				CURRENT_PROJECT_VERSION = 1;
				GENERATE_INFOPLIST_FILE = YES;
				INFOPLIST_FILE = homework15/Info.plist;
				INFOPLIST_KEY_UIApplicationSupportsIndirectInputEvents = YES;
				INFOPLIST_KEY_UILaunchStoryboardName = LaunchScreen;
				INFOPLIST_KEY_UISupportedInterfaceOrientations_iPad = "UIInterfaceOrientationPortrait UIInterfaceOrientationPortraitUpsideDown UIInterfaceOrientationLandscapeLeft UIInterfaceOrientationLandscapeRight";
				INFOPLIST_KEY_UISupportedInterfaceOrientations_iPhone = "UIInterfaceOrientationPortrait UIInterfaceOrientationLandscapeLeft UIInterfaceOrientationLandscapeRight";
				LD_RUNPATH_SEARCH_PATHS = (
					"$(inherited)",
					"@executable_path/Frameworks",
				);
				MARKETING_VERSION = 1.0;
				PRODUCT_BUNDLE_IDENTIFIER = "gatchu-ng.homework15";
				PRODUCT_NAME = "$(TARGET_NAME)";
				SWIFT_EMIT_LOC_STRINGS = YES;
				SWIFT_VERSION = 5.0;
				TARGETED_DEVICE_FAMILY = "1,2";
			};
			name = Debug;
		};
		CC43A11B2BC71BEC0059F629 /* Release */ = {
			isa = XCBuildConfiguration;
			buildSettings = {
				ASSETCATALOG_COMPILER_APPICON_NAME = AppIcon;
				ASSETCATALOG_COMPILER_GLOBAL_ACCENT_COLOR_NAME = AccentColor;
				CODE_SIGN_STYLE = Automatic;
				CURRENT_PROJECT_VERSION = 1;
				GENERATE_INFOPLIST_FILE = YES;
				INFOPLIST_FILE = homework15/Info.plist;
				INFOPLIST_KEY_UIApplicationSupportsIndirectInputEvents = YES;
				INFOPLIST_KEY_UILaunchStoryboardName = LaunchScreen;
				INFOPLIST_KEY_UISupportedInterfaceOrientations_iPad = "UIInterfaceOrientationPortrait UIInterfaceOrientationPortraitUpsideDown UIInterfaceOrientationLandscapeLeft UIInterfaceOrientationLandscapeRight";
				INFOPLIST_KEY_UISupportedInterfaceOrientations_iPhone = "UIInterfaceOrientationPortrait UIInterfaceOrientationLandscapeLeft UIInterfaceOrientationLandscapeRight";
				LD_RUNPATH_SEARCH_PATHS = (
					"$(inherited)",
					"@executable_path/Frameworks",
				);
				MARKETING_VERSION = 1.0;
				PRODUCT_BUNDLE_IDENTIFIER = "gatchu-ng.homework15";
				PRODUCT_NAME = "$(TARGET_NAME)";
				SWIFT_EMIT_LOC_STRINGS = YES;
				SWIFT_VERSION = 5.0;
				TARGETED_DEVICE_FAMILY = "1,2";
			};
			name = Release;
		};
		CC43A11D2BC71BEC0059F629 /* Debug */ = {
			isa = XCBuildConfiguration;
			buildSettings = {
				ALWAYS_EMBED_SWIFT_STANDARD_LIBRARIES = YES;
				BUNDLE_LOADER = "$(TEST_HOST)";
				CODE_SIGN_STYLE = Automatic;
				CURRENT_PROJECT_VERSION = 1;
				GENERATE_INFOPLIST_FILE = YES;
				IPHONEOS_DEPLOYMENT_TARGET = 17.4;
				MARKETING_VERSION = 1.0;
				PRODUCT_BUNDLE_IDENTIFIER = "gatchu-ng.homework15Tests";
				PRODUCT_NAME = "$(TARGET_NAME)";
				SWIFT_EMIT_LOC_STRINGS = NO;
				SWIFT_VERSION = 5.0;
				TARGETED_DEVICE_FAMILY = "1,2";
				TEST_HOST = "$(BUILT_PRODUCTS_DIR)/homework15.app/$(BUNDLE_EXECUTABLE_FOLDER_PATH)/homework15";
			};
			name = Debug;
		};
		CC43A11E2BC71BEC0059F629 /* Release */ = {
			isa = XCBuildConfiguration;
			buildSettings = {
				ALWAYS_EMBED_SWIFT_STANDARD_LIBRARIES = YES;
				BUNDLE_LOADER = "$(TEST_HOST)";
				CODE_SIGN_STYLE = Automatic;
				CURRENT_PROJECT_VERSION = 1;
				GENERATE_INFOPLIST_FILE = YES;
				IPHONEOS_DEPLOYMENT_TARGET = 17.4;
				MARKETING_VERSION = 1.0;
				PRODUCT_BUNDLE_IDENTIFIER = "gatchu-ng.homework15Tests";
				PRODUCT_NAME = "$(TARGET_NAME)";
				SWIFT_EMIT_LOC_STRINGS = NO;
				SWIFT_VERSION = 5.0;
				TARGETED_DEVICE_FAMILY = "1,2";
				TEST_HOST = "$(BUILT_PRODUCTS_DIR)/homework15.app/$(BUNDLE_EXECUTABLE_FOLDER_PATH)/homework15";
			};
			name = Release;
		};
		CC43A1202BC71BEC0059F629 /* Debug */ = {
			isa = XCBuildConfiguration;
			buildSettings = {
				ALWAYS_EMBED_SWIFT_STANDARD_LIBRARIES = YES;
				CODE_SIGN_STYLE = Automatic;
				CURRENT_PROJECT_VERSION = 1;
				GENERATE_INFOPLIST_FILE = YES;
				MARKETING_VERSION = 1.0;
				PRODUCT_BUNDLE_IDENTIFIER = "gatchu-ng.homework15UITests";
				PRODUCT_NAME = "$(TARGET_NAME)";
				SWIFT_EMIT_LOC_STRINGS = NO;
				SWIFT_VERSION = 5.0;
				TARGETED_DEVICE_FAMILY = "1,2";
				TEST_TARGET_NAME = homework15;
			};
			name = Debug;
		};
		CC43A1212BC71BEC0059F629 /* Release */ = {
			isa = XCBuildConfiguration;
			buildSettings = {
				ALWAYS_EMBED_SWIFT_STANDARD_LIBRARIES = YES;
				CODE_SIGN_STYLE = Automatic;
				CURRENT_PROJECT_VERSION = 1;
				GENERATE_INFOPLIST_FILE = YES;
				MARKETING_VERSION = 1.0;
				PRODUCT_BUNDLE_IDENTIFIER = "gatchu-ng.homework15UITests";
				PRODUCT_NAME = "$(TARGET_NAME)";
				SWIFT_EMIT_LOC_STRINGS = NO;
				SWIFT_VERSION = 5.0;
				TARGETED_DEVICE_FAMILY = "1,2";
				TEST_TARGET_NAME = homework15;
			};
			name = Release;
		};
/* End XCBuildConfiguration section */

/* Begin XCConfigurationList section */
		CC43A0EA2BC71BEB0059F629 /* Build configuration list for PBXProject "homework15" */ = {
			isa = XCConfigurationList;
			buildConfigurations = (
				CC43A1172BC71BEC0059F629 /* Debug */,
				CC43A1182BC71BEC0059F629 /* Release */,
			);
			defaultConfigurationIsVisible = 0;
			defaultConfigurationName = Release;
		};
		CC43A1192BC71BEC0059F629 /* Build configuration list for PBXNativeTarget "homework15" */ = {
			isa = XCConfigurationList;
			buildConfigurations = (
				CC43A11A2BC71BEC0059F629 /* Debug */,
				CC43A11B2BC71BEC0059F629 /* Release */,
			);
			defaultConfigurationIsVisible = 0;
			defaultConfigurationName = Release;
		};
		CC43A11C2BC71BEC0059F629 /* Build configuration list for PBXNativeTarget "homework15Tests" */ = {
			isa = XCConfigurationList;
			buildConfigurations = (
				CC43A11D2BC71BEC0059F629 /* Debug */,
				CC43A11E2BC71BEC0059F629 /* Release */,
			);
			defaultConfigurationIsVisible = 0;
			defaultConfigurationName = Release;
		};
		CC43A11F2BC71BEC0059F629 /* Build configuration list for PBXNativeTarget "homework15UITests" */ = {
			isa = XCConfigurationList;
			buildConfigurations = (
				CC43A1202BC71BEC0059F629 /* Debug */,
				CC43A1212BC71BEC0059F629 /* Release */,
			);
			defaultConfigurationIsVisible = 0;
			defaultConfigurationName = Release;
		};
/* End XCConfigurationList section */
	};
	rootObject = CC43A0E72BC71BEB0059F629 /* Project object */;
}
